// !$*UTF8*$!
{
	archiveVersion = 1;
	classes = {
	};
	objectVersion = 50;
	objects = {

/* Begin PBXBuildFile section */
		B175F235269CEFA700633E33 /* RecipeApp.swift in Sources */ = {isa = PBXBuildFile; fileRef = B175F234269CEFA700633E33 /* RecipeApp.swift */; };
		B175F237269CEFA700633E33 /* RecipeListView.swift in Sources */ = {isa = PBXBuildFile; fileRef = B175F236269CEFA700633E33 /* RecipeListView.swift */; };
		B175F239269CEFA800633E33 /* Assets.xcassets in Resources */ = {isa = PBXBuildFile; fileRef = B175F238269CEFA800633E33 /* Assets.xcassets */; };
		B175F23C269CEFA800633E33 /* Preview Assets.xcassets in Resources */ = {isa = PBXBuildFile; fileRef = B175F23B269CEFA800633E33 /* Preview Assets.xcassets */; };
		B175F247269CEFA800633E33 /* RecipeAppTests.swift in Sources */ = {isa = PBXBuildFile; fileRef = B175F246269CEFA800633E33 /* RecipeAppTests.swift */; };
		B175F252269CEFA800633E33 /* RecipeAppUITests.swift in Sources */ = {isa = PBXBuildFile; fileRef = B175F251269CEFA800633E33 /* RecipeAppUITests.swift */; };
		B175F265269CF23500633E33 /* recipes.json in Resources */ = {isa = PBXBuildFile; fileRef = B175F264269CF23500633E33 /* recipes.json */; };
		B175F267269CF2FA00633E33 /* Recipe.swift in Sources */ = {isa = PBXBuildFile; fileRef = B175F266269CF2FA00633E33 /* Recipe.swift */; };
		B175F269269CF44500633E33 /* RecipeModel.swift in Sources */ = {isa = PBXBuildFile; fileRef = B175F268269CF44500633E33 /* RecipeModel.swift */; };
		B175F26B269CF55A00633E33 /* DataService.swift in Sources */ = {isa = PBXBuildFile; fileRef = B175F26A269CF55A00633E33 /* DataService.swift */; };
		B175F26D269D004B00633E33 /* RecipeDetailView.swift in Sources */ = {isa = PBXBuildFile; fileRef = B175F26C269D004B00633E33 /* RecipeDetailView.swift */; };
		B197C6D326A53506009181C0 /* RecipeTabView.swift in Sources */ = {isa = PBXBuildFile; fileRef = B197C6D226A53506009181C0 /* RecipeTabView.swift */; };
		B1A0BA9126A650220003F357 /* Ingredient.swift in Sources */ = {isa = PBXBuildFile; fileRef = B1A0BA9026A650220003F357 /* Ingredient.swift */; };
/* End PBXBuildFile section */

/* Begin PBXContainerItemProxy section */
		B175F243269CEFA800633E33 /* PBXContainerItemProxy */ = {
			isa = PBXContainerItemProxy;
			containerPortal = B175F229269CEFA700633E33 /* Project object */;
			proxyType = 1;
			remoteGlobalIDString = B175F230269CEFA700633E33;
			remoteInfo = RecipeApp;
		};
		B175F24E269CEFA800633E33 /* PBXContainerItemProxy */ = {
			isa = PBXContainerItemProxy;
			containerPortal = B175F229269CEFA700633E33 /* Project object */;
			proxyType = 1;
			remoteGlobalIDString = B175F230269CEFA700633E33;
			remoteInfo = RecipeApp;
		};
/* End PBXContainerItemProxy section */

/* Begin PBXFileReference section */
		B175F231269CEFA700633E33 /* RecipeApp.app */ = {isa = PBXFileReference; explicitFileType = wrapper.application; includeInIndex = 0; path = RecipeApp.app; sourceTree = BUILT_PRODUCTS_DIR; };
		B175F234269CEFA700633E33 /* RecipeApp.swift */ = {isa = PBXFileReference; lastKnownFileType = sourcecode.swift; path = RecipeApp.swift; sourceTree = "<group>"; };
		B175F236269CEFA700633E33 /* RecipeListView.swift */ = {isa = PBXFileReference; lastKnownFileType = sourcecode.swift; path = RecipeListView.swift; sourceTree = "<group>"; };
		B175F238269CEFA800633E33 /* Assets.xcassets */ = {isa = PBXFileReference; lastKnownFileType = folder.assetcatalog; path = Assets.xcassets; sourceTree = "<group>"; };
		B175F23B269CEFA800633E33 /* Preview Assets.xcassets */ = {isa = PBXFileReference; lastKnownFileType = folder.assetcatalog; path = "Preview Assets.xcassets"; sourceTree = "<group>"; };
		B175F23D269CEFA800633E33 /* Info.plist */ = {isa = PBXFileReference; lastKnownFileType = text.plist.xml; path = Info.plist; sourceTree = "<group>"; };
		B175F242269CEFA800633E33 /* RecipeAppTests.xctest */ = {isa = PBXFileReference; explicitFileType = wrapper.cfbundle; includeInIndex = 0; path = RecipeAppTests.xctest; sourceTree = BUILT_PRODUCTS_DIR; };
		B175F246269CEFA800633E33 /* RecipeAppTests.swift */ = {isa = PBXFileReference; lastKnownFileType = sourcecode.swift; path = RecipeAppTests.swift; sourceTree = "<group>"; };
		B175F248269CEFA800633E33 /* Info.plist */ = {isa = PBXFileReference; lastKnownFileType = text.plist.xml; path = Info.plist; sourceTree = "<group>"; };
		B175F24D269CEFA800633E33 /* RecipeAppUITests.xctest */ = {isa = PBXFileReference; explicitFileType = wrapper.cfbundle; includeInIndex = 0; path = RecipeAppUITests.xctest; sourceTree = BUILT_PRODUCTS_DIR; };
		B175F251269CEFA800633E33 /* RecipeAppUITests.swift */ = {isa = PBXFileReference; lastKnownFileType = sourcecode.swift; path = RecipeAppUITests.swift; sourceTree = "<group>"; };
		B175F253269CEFA800633E33 /* Info.plist */ = {isa = PBXFileReference; lastKnownFileType = text.plist.xml; path = Info.plist; sourceTree = "<group>"; };
		B175F264269CF23500633E33 /* recipes.json */ = {isa = PBXFileReference; fileEncoding = 4; lastKnownFileType = text.json; path = recipes.json; sourceTree = "<group>"; };
		B175F266269CF2FA00633E33 /* Recipe.swift */ = {isa = PBXFileReference; lastKnownFileType = sourcecode.swift; path = Recipe.swift; sourceTree = "<group>"; };
		B175F268269CF44500633E33 /* RecipeModel.swift */ = {isa = PBXFileReference; lastKnownFileType = sourcecode.swift; path = RecipeModel.swift; sourceTree = "<group>"; };
		B175F26A269CF55A00633E33 /* DataService.swift */ = {isa = PBXFileReference; lastKnownFileType = sourcecode.swift; path = DataService.swift; sourceTree = "<group>"; };
		B175F26C269D004B00633E33 /* RecipeDetailView.swift */ = {isa = PBXFileReference; lastKnownFileType = sourcecode.swift; path = RecipeDetailView.swift; sourceTree = "<group>"; };
		B197C6D226A53506009181C0 /* RecipeTabView.swift */ = {isa = PBXFileReference; lastKnownFileType = sourcecode.swift; path = RecipeTabView.swift; sourceTree = "<group>"; };
		B1A0BA9026A650220003F357 /* Ingredient.swift */ = {isa = PBXFileReference; lastKnownFileType = sourcecode.swift; path = Ingredient.swift; sourceTree = "<group>"; };
/* End PBXFileReference section */

/* Begin PBXFrameworksBuildPhase section */
		B175F22E269CEFA700633E33 /* Frameworks */ = {
			isa = PBXFrameworksBuildPhase;
			buildActionMask = 2147483647;
			files = (
			);
			runOnlyForDeploymentPostprocessing = 0;
		};
		B175F23F269CEFA800633E33 /* Frameworks */ = {
			isa = PBXFrameworksBuildPhase;
			buildActionMask = 2147483647;
			files = (
			);
			runOnlyForDeploymentPostprocessing = 0;
		};
		B175F24A269CEFA800633E33 /* Frameworks */ = {
			isa = PBXFrameworksBuildPhase;
			buildActionMask = 2147483647;
			files = (
			);
			runOnlyForDeploymentPostprocessing = 0;
		};
/* End PBXFrameworksBuildPhase section */

/* Begin PBXGroup section */
		B175F228269CEFA700633E33 = {
			isa = PBXGroup;
			children = (
				B175F233269CEFA700633E33 /* RecipeApp */,
				B175F260269CF02800633E33 /* ViewModels */,
				B175F25F269CF01200633E33 /* Views */,
				B175F261269CF03B00633E33 /* Data */,
				B175F262269CF04500633E33 /* Models */,
				B175F263269CF05400633E33 /* Services */,
				B175F245269CEFA800633E33 /* RecipeAppTests */,
				B175F250269CEFA800633E33 /* RecipeAppUITests */,
				B175F232269CEFA700633E33 /* Products */,
			);
			sourceTree = "<group>";
		};
		B175F232269CEFA700633E33 /* Products */ = {
			isa = PBXGroup;
			children = (
				B175F231269CEFA700633E33 /* RecipeApp.app */,
				B175F242269CEFA800633E33 /* RecipeAppTests.xctest */,
				B175F24D269CEFA800633E33 /* RecipeAppUITests.xctest */,
			);
			name = Products;
			sourceTree = "<group>";
		};
		B175F233269CEFA700633E33 /* RecipeApp */ = {
			isa = PBXGroup;
			children = (
				B175F234269CEFA700633E33 /* RecipeApp.swift */,
				B175F238269CEFA800633E33 /* Assets.xcassets */,
				B175F23D269CEFA800633E33 /* Info.plist */,
				B175F23A269CEFA800633E33 /* Preview Content */,
			);
			path = RecipeApp;
			sourceTree = "<group>";
		};
		B175F23A269CEFA800633E33 /* Preview Content */ = {
			isa = PBXGroup;
			children = (
				B175F23B269CEFA800633E33 /* Preview Assets.xcassets */,
			);
			path = "Preview Content";
			sourceTree = "<group>";
		};
		B175F245269CEFA800633E33 /* RecipeAppTests */ = {
			isa = PBXGroup;
			children = (
				B175F246269CEFA800633E33 /* RecipeAppTests.swift */,
				B175F248269CEFA800633E33 /* Info.plist */,
			);
			path = RecipeAppTests;
			sourceTree = "<group>";
		};
		B175F250269CEFA800633E33 /* RecipeAppUITests */ = {
			isa = PBXGroup;
			children = (
				B175F251269CEFA800633E33 /* RecipeAppUITests.swift */,
				B175F253269CEFA800633E33 /* Info.plist */,
			);
			path = RecipeAppUITests;
			sourceTree = "<group>";
		};
		B175F25F269CF01200633E33 /* Views */ = {
			isa = PBXGroup;
			children = (
				B175F236269CEFA700633E33 /* RecipeListView.swift */,
				B175F26C269D004B00633E33 /* RecipeDetailView.swift */,
				B197C6D226A53506009181C0 /* RecipeTabView.swift */,
			);
			path = Views;
			sourceTree = "<group>";
		};
		B175F260269CF02800633E33 /* ViewModels */ = {
			isa = PBXGroup;
			children = (
				B175F268269CF44500633E33 /* RecipeModel.swift */,
			);
			path = ViewModels;
			sourceTree = "<group>";
		};
		B175F261269CF03B00633E33 /* Data */ = {
			isa = PBXGroup;
			children = (
				B175F264269CF23500633E33 /* recipes.json */,
			);
			path = Data;
			sourceTree = "<group>";
		};
		B175F262269CF04500633E33 /* Models */ = {
			isa = PBXGroup;
			children = (
				B175F266269CF2FA00633E33 /* Recipe.swift */,
				B1A0BA9026A650220003F357 /* Ingredient.swift */,
			);
			path = Models;
			sourceTree = "<group>";
		};
		B175F263269CF05400633E33 /* Services */ = {
			isa = PBXGroup;
			children = (
				B175F26A269CF55A00633E33 /* DataService.swift */,
			);
			path = Services;
			sourceTree = "<group>";
		};
/* End PBXGroup section */

/* Begin PBXNativeTarget section */
		B175F230269CEFA700633E33 /* RecipeApp */ = {
			isa = PBXNativeTarget;
			buildConfigurationList = B175F256269CEFA800633E33 /* Build configuration list for PBXNativeTarget "RecipeApp" */;
			buildPhases = (
				B175F22D269CEFA700633E33 /* Sources */,
				B175F22E269CEFA700633E33 /* Frameworks */,
				B175F22F269CEFA700633E33 /* Resources */,
			);
			buildRules = (
			);
			dependencies = (
			);
			name = RecipeApp;
			productName = RecipeApp;
			productReference = B175F231269CEFA700633E33 /* RecipeApp.app */;
			productType = "com.apple.product-type.application";
		};
		B175F241269CEFA800633E33 /* RecipeAppTests */ = {
			isa = PBXNativeTarget;
			buildConfigurationList = B175F259269CEFA800633E33 /* Build configuration list for PBXNativeTarget "RecipeAppTests" */;
			buildPhases = (
				B175F23E269CEFA800633E33 /* Sources */,
				B175F23F269CEFA800633E33 /* Frameworks */,
				B175F240269CEFA800633E33 /* Resources */,
			);
			buildRules = (
			);
			dependencies = (
				B175F244269CEFA800633E33 /* PBXTargetDependency */,
			);
			name = RecipeAppTests;
			productName = RecipeAppTests;
			productReference = B175F242269CEFA800633E33 /* RecipeAppTests.xctest */;
			productType = "com.apple.product-type.bundle.unit-test";
		};
		B175F24C269CEFA800633E33 /* RecipeAppUITests */ = {
			isa = PBXNativeTarget;
			buildConfigurationList = B175F25C269CEFA800633E33 /* Build configuration list for PBXNativeTarget "RecipeAppUITests" */;
			buildPhases = (
				B175F249269CEFA800633E33 /* Sources */,
				B175F24A269CEFA800633E33 /* Frameworks */,
				B175F24B269CEFA800633E33 /* Resources */,
			);
			buildRules = (
			);
			dependencies = (
				B175F24F269CEFA800633E33 /* PBXTargetDependency */,
			);
			name = RecipeAppUITests;
			productName = RecipeAppUITests;
			productReference = B175F24D269CEFA800633E33 /* RecipeAppUITests.xctest */;
			productType = "com.apple.product-type.bundle.ui-testing";
		};
/* End PBXNativeTarget section */

/* Begin PBXProject section */
		B175F229269CEFA700633E33 /* Project object */ = {
			isa = PBXProject;
			attributes = {
				LastSwiftUpdateCheck = 1250;
				LastUpgradeCheck = 1250;
				TargetAttributes = {
					B175F230269CEFA700633E33 = {
						CreatedOnToolsVersion = 12.5;
					};
					B175F241269CEFA800633E33 = {
						CreatedOnToolsVersion = 12.5;
						TestTargetID = B175F230269CEFA700633E33;
					};
					B175F24C269CEFA800633E33 = {
						CreatedOnToolsVersion = 12.5;
						TestTargetID = B175F230269CEFA700633E33;
					};
				};
			};
			buildConfigurationList = B175F22C269CEFA700633E33 /* Build configuration list for PBXProject "RecipeApp" */;
			compatibilityVersion = "Xcode 9.3";
			developmentRegion = en;
			hasScannedForEncodings = 0;
			knownRegions = (
				en,
				Base,
			);
			mainGroup = B175F228269CEFA700633E33;
			productRefGroup = B175F232269CEFA700633E33 /* Products */;
			projectDirPath = "";
			projectRoot = "";
			targets = (
				B175F230269CEFA700633E33 /* RecipeApp */,
				B175F241269CEFA800633E33 /* RecipeAppTests */,
				B175F24C269CEFA800633E33 /* RecipeAppUITests */,
			);
		};
/* End PBXProject section */

/* Begin PBXResourcesBuildPhase section */
		B175F22F269CEFA700633E33 /* Resources */ = {
			isa = PBXResourcesBuildPhase;
			buildActionMask = 2147483647;
			files = (
				B175F23C269CEFA800633E33 /* Preview Assets.xcassets in Resources */,
				B175F265269CF23500633E33 /* recipes.json in Resources */,
				B175F239269CEFA800633E33 /* Assets.xcassets in Resources */,
			);
			runOnlyForDeploymentPostprocessing = 0;
		};
		B175F240269CEFA800633E33 /* Resources */ = {
			isa = PBXResourcesBuildPhase;
			buildActionMask = 2147483647;
			files = (
			);
			runOnlyForDeploymentPostprocessing = 0;
		};
		B175F24B269CEFA800633E33 /* Resources */ = {
			isa = PBXResourcesBuildPhase;
			buildActionMask = 2147483647;
			files = (
			);
			runOnlyForDeploymentPostprocessing = 0;
		};
/* End PBXResourcesBuildPhase section */

/* Begin PBXSourcesBuildPhase section */
		B175F22D269CEFA700633E33 /* Sources */ = {
			isa = PBXSourcesBuildPhase;
			buildActionMask = 2147483647;
			files = (
				B175F237269CEFA700633E33 /* RecipeListView.swift in Sources */,
				B175F26D269D004B00633E33 /* RecipeDetailView.swift in Sources */,
				B175F269269CF44500633E33 /* RecipeModel.swift in Sources */,
				B175F235269CEFA700633E33 /* RecipeApp.swift in Sources */,
				B1A0BA9126A650220003F357 /* Ingredient.swift in Sources */,
				B175F267269CF2FA00633E33 /* Recipe.swift in Sources */,
				B175F26B269CF55A00633E33 /* DataService.swift in Sources */,
				B197C6D326A53506009181C0 /* RecipeTabView.swift in Sources */,
			);
			runOnlyForDeploymentPostprocessing = 0;
		};
		B175F23E269CEFA800633E33 /* Sources */ = {
			isa = PBXSourcesBuildPhase;
			buildActionMask = 2147483647;
			files = (
				B175F247269CEFA800633E33 /* RecipeAppTests.swift in Sources */,
			);
			runOnlyForDeploymentPostprocessing = 0;
		};
		B175F249269CEFA800633E33 /* Sources */ = {
			isa = PBXSourcesBuildPhase;
			buildActionMask = 2147483647;
			files = (
				B175F252269CEFA800633E33 /* RecipeAppUITests.swift in Sources */,
			);
			runOnlyForDeploymentPostprocessing = 0;
		};
/* End PBXSourcesBuildPhase section */

/* Begin PBXTargetDependency section */
		B175F244269CEFA800633E33 /* PBXTargetDependency */ = {
			isa = PBXTargetDependency;
			target = B175F230269CEFA700633E33 /* RecipeApp */;
			targetProxy = B175F243269CEFA800633E33 /* PBXContainerItemProxy */;
		};
		B175F24F269CEFA800633E33 /* PBXTargetDependency */ = {
			isa = PBXTargetDependency;
			target = B175F230269CEFA700633E33 /* RecipeApp */;
			targetProxy = B175F24E269CEFA800633E33 /* PBXContainerItemProxy */;
		};
/* End PBXTargetDependency section */

/* Begin XCBuildConfiguration section */
		B175F254269CEFA800633E33 /* Debug */ = {
			isa = XCBuildConfiguration;
			buildSettings = {
				ALWAYS_SEARCH_USER_PATHS = NO;
				CLANG_ANALYZER_NONNULL = YES;
				CLANG_ANALYZER_NUMBER_OBJECT_CONVERSION = YES_AGGRESSIVE;
				CLANG_CXX_LANGUAGE_STANDARD = "gnu++14";
				CLANG_CXX_LIBRARY = "libc++";
				CLANG_ENABLE_MODULES = YES;
				CLANG_ENABLE_OBJC_ARC = YES;
				CLANG_ENABLE_OBJC_WEAK = YES;
				CLANG_WARN_BLOCK_CAPTURE_AUTORELEASING = YES;
				CLANG_WARN_BOOL_CONVERSION = YES;
				CLANG_WARN_COMMA = YES;
				CLANG_WARN_CONSTANT_CONVERSION = YES;
				CLANG_WARN_DEPRECATED_OBJC_IMPLEMENTATIONS = YES;
				CLANG_WARN_DIRECT_OBJC_ISA_USAGE = YES_ERROR;
				CLANG_WARN_DOCUMENTATION_COMMENTS = YES;
				CLANG_WARN_EMPTY_BODY = YES;
				CLANG_WARN_ENUM_CONVERSION = YES;
				CLANG_WARN_INFINITE_RECURSION = YES;
				CLANG_WARN_INT_CONVERSION = YES;
				CLANG_WARN_NON_LITERAL_NULL_CONVERSION = YES;
				CLANG_WARN_OBJC_IMPLICIT_RETAIN_SELF = YES;
				CLANG_WARN_OBJC_LITERAL_CONVERSION = YES;
				CLANG_WARN_OBJC_ROOT_CLASS = YES_ERROR;
				CLANG_WARN_QUOTED_INCLUDE_IN_FRAMEWORK_HEADER = YES;
				CLANG_WARN_RANGE_LOOP_ANALYSIS = YES;
				CLANG_WARN_STRICT_PROTOTYPES = YES;
				CLANG_WARN_SUSPICIOUS_MOVE = YES;
				CLANG_WARN_UNGUARDED_AVAILABILITY = YES_AGGRESSIVE;
				CLANG_WARN_UNREACHABLE_CODE = YES;
				CLANG_WARN__DUPLICATE_METHOD_MATCH = YES;
				COPY_PHASE_STRIP = NO;
				DEBUG_INFORMATION_FORMAT = dwarf;
				ENABLE_STRICT_OBJC_MSGSEND = YES;
				ENABLE_TESTABILITY = YES;
				GCC_C_LANGUAGE_STANDARD = gnu11;
				GCC_DYNAMIC_NO_PIC = NO;
				GCC_NO_COMMON_BLOCKS = YES;
				GCC_OPTIMIZATION_LEVEL = 0;
				GCC_PREPROCESSOR_DEFINITIONS = (
					"DEBUG=1",
					"$(inherited)",
				);
				GCC_WARN_64_TO_32_BIT_CONVERSION = YES;
				GCC_WARN_ABOUT_RETURN_TYPE = YES_ERROR;
				GCC_WARN_UNDECLARED_SELECTOR = YES;
				GCC_WARN_UNINITIALIZED_AUTOS = YES_AGGRESSIVE;
				GCC_WARN_UNUSED_FUNCTION = YES;
				GCC_WARN_UNUSED_VARIABLE = YES;
				IPHONEOS_DEPLOYMENT_TARGET = 14.5;
				MTL_ENABLE_DEBUG_INFO = INCLUDE_SOURCE;
				MTL_FAST_MATH = YES;
				ONLY_ACTIVE_ARCH = YES;
				SDKROOT = iphoneos;
				SWIFT_ACTIVE_COMPILATION_CONDITIONS = DEBUG;
				SWIFT_OPTIMIZATION_LEVEL = "-Onone";
			};
			name = Debug;
		};
		B175F255269CEFA800633E33 /* Release */ = {
			isa = XCBuildConfiguration;
			buildSettings = {
				ALWAYS_SEARCH_USER_PATHS = NO;
				CLANG_ANALYZER_NONNULL = YES;
				CLANG_ANALYZER_NUMBER_OBJECT_CONVERSION = YES_AGGRESSIVE;
				CLANG_CXX_LANGUAGE_STANDARD = "gnu++14";
				CLANG_CXX_LIBRARY = "libc++";
				CLANG_ENABLE_MODULES = YES;
				CLANG_ENABLE_OBJC_ARC = YES;
				CLANG_ENABLE_OBJC_WEAK = YES;
				CLANG_WARN_BLOCK_CAPTURE_AUTORELEASING = YES;
				CLANG_WARN_BOOL_CONVERSION = YES;
				CLANG_WARN_COMMA = YES;
				CLANG_WARN_CONSTANT_CONVERSION = YES;
				CLANG_WARN_DEPRECATED_OBJC_IMPLEMENTATIONS = YES;
				CLANG_WARN_DIRECT_OBJC_ISA_USAGE = YES_ERROR;
				CLANG_WARN_DOCUMENTATION_COMMENTS = YES;
				CLANG_WARN_EMPTY_BODY = YES;
				CLANG_WARN_ENUM_CONVERSION = YES;
				CLANG_WARN_INFINITE_RECURSION = YES;
				CLANG_WARN_INT_CONVERSION = YES;
				CLANG_WARN_NON_LITERAL_NULL_CONVERSION = YES;
				CLANG_WARN_OBJC_IMPLICIT_RETAIN_SELF = YES;
				CLANG_WARN_OBJC_LITERAL_CONVERSION = YES;
				CLANG_WARN_OBJC_ROOT_CLASS = YES_ERROR;
				CLANG_WARN_QUOTED_INCLUDE_IN_FRAMEWORK_HEADER = YES;
				CLANG_WARN_RANGE_LOOP_ANALYSIS = YES;
				CLANG_WARN_STRICT_PROTOTYPES = YES;
				CLANG_WARN_SUSPICIOUS_MOVE = YES;
				CLANG_WARN_UNGUARDED_AVAILABILITY = YES_AGGRESSIVE;
				CLANG_WARN_UNREACHABLE_CODE = YES;
				CLANG_WARN__DUPLICATE_METHOD_MATCH = YES;
				COPY_PHASE_STRIP = NO;
				DEBUG_INFORMATION_FORMAT = "dwarf-with-dsym";
				ENABLE_NS_ASSERTIONS = NO;
				ENABLE_STRICT_OBJC_MSGSEND = YES;
				GCC_C_LANGUAGE_STANDARD = gnu11;
				GCC_NO_COMMON_BLOCKS = YES;
				GCC_WARN_64_TO_32_BIT_CONVERSION = YES;
				GCC_WARN_ABOUT_RETURN_TYPE = YES_ERROR;
				GCC_WARN_UNDECLARED_SELECTOR = YES;
				GCC_WARN_UNINITIALIZED_AUTOS = YES_AGGRESSIVE;
				GCC_WARN_UNUSED_FUNCTION = YES;
				GCC_WARN_UNUSED_VARIABLE = YES;
				IPHONEOS_DEPLOYMENT_TARGET = 14.5;
				MTL_ENABLE_DEBUG_INFO = NO;
				MTL_FAST_MATH = YES;
				SDKROOT = iphoneos;
				SWIFT_COMPILATION_MODE = wholemodule;
				SWIFT_OPTIMIZATION_LEVEL = "-O";
				VALIDATE_PRODUCT = YES;
			};
			name = Release;
		};
		B175F257269CEFA800633E33 /* Debug */ = {
			isa = XCBuildConfiguration;
			buildSettings = {
				ASSETCATALOG_COMPILER_APPICON_NAME = AppIcon;
				ASSETCATALOG_COMPILER_GLOBAL_ACCENT_COLOR_NAME = AccentColor;
				CODE_SIGN_STYLE = Automatic;
				DEVELOPMENT_ASSET_PATHS = "\"RecipeApp/Preview Content\"";
				DEVELOPMENT_TEAM = ACRAVGQSGU;
				ENABLE_PREVIEWS = YES;
				INFOPLIST_FILE = RecipeApp/Info.plist;
				IPHONEOS_DEPLOYMENT_TARGET = 14.0;
				LD_RUNPATH_SEARCH_PATHS = (
					"$(inherited)",
					"@executable_path/Frameworks",
				);
				PRODUCT_BUNDLE_IDENTIFIER = BAAG.RecipeApp;
				PRODUCT_NAME = "$(TARGET_NAME)";
				SWIFT_VERSION = 5.0;
				TARGETED_DEVICE_FAMILY = "1,2";
			};
			name = Debug;
		};
		B175F258269CEFA800633E33 /* Release */ = {
			isa = XCBuildConfiguration;
			buildSettings = {
				ASSETCATALOG_COMPILER_APPICON_NAME = AppIcon;
				ASSETCATALOG_COMPILER_GLOBAL_ACCENT_COLOR_NAME = AccentColor;
				CODE_SIGN_STYLE = Automatic;
				DEVELOPMENT_ASSET_PATHS = "\"RecipeApp/Preview Content\"";
				DEVELOPMENT_TEAM = ACRAVGQSGU;
				ENABLE_PREVIEWS = YES;
				INFOPLIST_FILE = RecipeApp/Info.plist;
				IPHONEOS_DEPLOYMENT_TARGET = 14.0;
				LD_RUNPATH_SEARCH_PATHS = (
					"$(inherited)",
					"@executable_path/Frameworks",
				);
				PRODUCT_BUNDLE_IDENTIFIER = BAAG.RecipeApp;
				PRODUCT_NAME = "$(TARGET_NAME)";
				SWIFT_VERSION = 5.0;
				TARGETED_DEVICE_FAMILY = "1,2";
			};
			name = Release;
		};
		B175F25A269CEFA800633E33 /* Debug */ = {
			isa = XCBuildConfiguration;
			buildSettings = {
				ALWAYS_EMBED_SWIFT_STANDARD_LIBRARIES = YES;
				BUNDLE_LOADER = "$(TEST_HOST)";
				CODE_SIGN_STYLE = Automatic;
				DEVELOPMENT_TEAM = ACRAVGQSGU;
				INFOPLIST_FILE = RecipeAppTests/Info.plist;
				IPHONEOS_DEPLOYMENT_TARGET = 14.0;
				LD_RUNPATH_SEARCH_PATHS = (
					"$(inherited)",
					"@executable_path/Frameworks",
					"@loader_path/Frameworks",
				);
				PRODUCT_BUNDLE_IDENTIFIER = BAAG.RecipeAppTests;
				PRODUCT_NAME = "$(TARGET_NAME)";
				SWIFT_VERSION = 5.0;
				TARGETED_DEVICE_FAMILY = "1,2";
				TEST_HOST = "$(BUILT_PRODUCTS_DIR)/RecipeApp.app/RecipeApp";
			};
			name = Debug;
		};
		B175F25B269CEFA800633E33 /* Release */ = {
			isa = XCBuildConfiguration;
			buildSettings = {
				ALWAYS_EMBED_SWIFT_STANDARD_LIBRARIES = YES;
				BUNDLE_LOADER = "$(TEST_HOST)";
				CODE_SIGN_STYLE = Automatic;
				DEVELOPMENT_TEAM = ACRAVGQSGU;
				INFOPLIST_FILE = RecipeAppTests/Info.plist;
				IPHONEOS_DEPLOYMENT_TARGET = 14.0;
				LD_RUNPATH_SEARCH_PATHS = (
					"$(inherited)",
					"@executable_path/Frameworks",
					"@loader_path/Frameworks",
				);
				PRODUCT_BUNDLE_IDENTIFIER = BAAG.RecipeAppTests;
				PRODUCT_NAME = "$(TARGET_NAME)";
				SWIFT_VERSION = 5.0;
				TARGETED_DEVICE_FAMILY = "1,2";
				TEST_HOST = "$(BUILT_PRODUCTS_DIR)/RecipeApp.app/RecipeApp";
			};
			name = Release;
		};
		B175F25D269CEFA800633E33 /* Debug */ = {
			isa = XCBuildConfiguration;
			buildSettings = {
				ALWAYS_EMBED_SWIFT_STANDARD_LIBRARIES = YES;
				CODE_SIGN_STYLE = Automatic;
				DEVELOPMENT_TEAM = ACRAVGQSGU;
				INFOPLIST_FILE = RecipeAppUITests/Info.plist;
				LD_RUNPATH_SEARCH_PATHS = (
					"$(inherited)",
					"@executable_path/Frameworks",
					"@loader_path/Frameworks",
				);
				PRODUCT_BUNDLE_IDENTIFIER = BAAG.RecipeAppUITests;
				PRODUCT_NAME = "$(TARGET_NAME)";
				SWIFT_VERSION = 5.0;
				TARGETED_DEVICE_FAMILY = "1,2";
				TEST_TARGET_NAME = RecipeApp;
			};
			name = Debug;
		};
		B175F25E269CEFA800633E33 /* Release */ = {
			isa = XCBuildConfiguration;
			buildSettings = {
				ALWAYS_EMBED_SWIFT_STANDARD_LIBRARIES = YES;
				CODE_SIGN_STYLE = Automatic;
				DEVELOPMENT_TEAM = ACRAVGQSGU;
				INFOPLIST_FILE = RecipeAppUITests/Info.plist;
				LD_RUNPATH_SEARCH_PATHS = (
					"$(inherited)",
					"@executable_path/Frameworks",
					"@loader_path/Frameworks",
				);
				PRODUCT_BUNDLE_IDENTIFIER = BAAG.RecipeAppUITests;
				PRODUCT_NAME = "$(TARGET_NAME)";
				SWIFT_VERSION = 5.0;
				TARGETED_DEVICE_FAMILY = "1,2";
				TEST_TARGET_NAME = RecipeApp;
			};
			name = Release;
		};
/* End XCBuildConfiguration section */

/* Begin XCConfigurationList section */
		B175F22C269CEFA700633E33 /* Build configuration list for PBXProject "RecipeApp" */ = {
			isa = XCConfigurationList;
			buildConfigurations = (
				B175F254269CEFA800633E33 /* Debug */,
				B175F255269CEFA800633E33 /* Release */,
			);
			defaultConfigurationIsVisible = 0;
			defaultConfigurationName = Release;
		};
		B175F256269CEFA800633E33 /* Build configuration list for PBXNativeTarget "RecipeApp" */ = {
			isa = XCConfigurationList;
			buildConfigurations = (
				B175F257269CEFA800633E33 /* Debug */,
				B175F258269CEFA800633E33 /* Release */,
			);
			defaultConfigurationIsVisible = 0;
			defaultConfigurationName = Release;
		};
		B175F259269CEFA800633E33 /* Build configuration list for PBXNativeTarget "RecipeAppTests" */ = {
			isa = XCConfigurationList;
			buildConfigurations = (
				B175F25A269CEFA800633E33 /* Debug */,
				B175F25B269CEFA800633E33 /* Release */,
			);
			defaultConfigurationIsVisible = 0;
			defaultConfigurationName = Release;
		};
		B175F25C269CEFA800633E33 /* Build configuration list for PBXNativeTarget "RecipeAppUITests" */ = {
			isa = XCConfigurationList;
			buildConfigurations = (
				B175F25D269CEFA800633E33 /* Debug */,
				B175F25E269CEFA800633E33 /* Release */,
			);
			defaultConfigurationIsVisible = 0;
			defaultConfigurationName = Release;
		};
/* End XCConfigurationList section */
	};
	rootObject = B175F229269CEFA700633E33 /* Project object */;
}
